
Microsoft Visual Studio Solution File, Format Version 12.00
# Visual Studio Version 17
VisualStudioVersion = 17.4.33403.182
MinimumVisualStudioVersion = 10.0.40219.1
Project("{FAE04EC0-301F-11D3-BF4B-00C04F79EFBC}") = "Bookstore", "Bookstore\Bookstore.csproj", "{C8B0CBB0-3715-495A-A1E7-2B7C9BB37A14}"
EndProject
Global
	GlobalSection(SolutionConfigurationPlatforms) = preSolution
		Debug|Any CPU = Debug|Any CPU
		Release|Any CPU = Release|Any CPU
	EndGlobalSection
	GlobalSection(ProjectConfigurationPlatforms) = postSolution
		{C8B0CBB0-3715-495A-A1E7-2B7C9BB37A14}.Debug|Any CPU.ActiveCfg = Debug|Any CPU
		{C8B0CBB0-3715-495A-A1E7-2B7C9BB37A14}.Debug|Any CPU.Build.0 = Debug|Any CPU
		{C8B0CBB0-3715-495A-A1E7-2B7C9BB37A14}.Release|Any CPU.ActiveCfg = Release|Any CPU
		{C8B0CBB0-3715-495A-A1E7-2B7C9BB37A14}.Release|Any CPU.Build.0 = Release|Any CPU
	EndGlobalSection
	GlobalSection(SolutionProperties) = preSolution
		HideSolutionNode = FALSE
	EndGlobalSection
	GlobalSection(ExtensibilityGlobals) = postSolution
		SolutionGuid = {BDBD840F-5955-4CC8-8A67-C5B79576D65D}
	EndGlobalSection
EndGlobal
